
Microsoft Visual Studio Solution File, Format Version 12.00
# Visual Studio 15
VisualStudioVersion = 15.0.27703.2042
MinimumVisualStudioVersion = 10.0.40219.1
Project("{FAE04EC0-301F-11D3-BF4B-00C04F79EFBC}") = "Ej01", "Ej01\Ej01.csproj", "{463E8FDC-B199-43BF-83F7-B7AC12938533}"
EndProject
Project("{FAE04EC0-301F-11D3-BF4B-00C04F79EFBC}") = "Ej02", "Ej02\Ej02.csproj", "{8669CDA6-E9E3-4738-AE3D-455EE2A2AF5F}"
EndProject
Project("{FAE04EC0-301F-11D3-BF4B-00C04F79EFBC}") = "Ej03", "Ej03\Ej03.csproj", "{0708E5B4-8AF2-4ECB-A572-DB4E17FB91C9}"
EndProject
Project("{FAE04EC0-301F-11D3-BF4B-00C04F79EFBC}") = "Ej04", "Ej04\Ej04.csproj", "{890C235D-DB2E-4920-9FC7-2E77F867C26E}"
EndProject
Project("{FAE04EC0-301F-11D3-BF4B-00C04F79EFBC}") = "Ej05", "Ej05\Ej05.csproj", "{ECF47C63-4BC4-4A36-8778-5B3D76B77FAA}"
EndProject
Project("{FAE04EC0-301F-11D3-BF4B-00C04F79EFBC}") = "Ej06", "Ej06\Ej06.csproj", "{543B1969-AA75-4538-860B-3E8A7475A3B1}"
EndProject
Project("{FAE04EC0-301F-11D3-BF4B-00C04F79EFBC}") = "Ej07", "Ej07\Ej07.csproj", "{F5A2424A-8404-4137-A653-FDBE688491AD}"
EndProject
Project("{FAE04EC0-301F-11D3-BF4B-00C04F79EFBC}") = "Ej08", "Ej08\Ej08.csproj", "{D2190D14-70B7-4AAB-ADB2-24D5524077CA}"
EndProject
Project("{FAE04EC0-301F-11D3-BF4B-00C04F79EFBC}") = "Ej09", "Ej09\Ej09.csproj", "{BBF6D0DB-F108-406D-9238-70FDCCB97153}"
EndProject
Project("{FAE04EC0-301F-11D3-BF4B-00C04F79EFBC}") = "Ej10", "Ej10\Ej10.csproj", "{35AE9998-7C26-478E-85AF-E86C062959BC}"
EndProject
Project("{FAE04EC0-301F-11D3-BF4B-00C04F79EFBC}") = "Ej11", "Ej11\Ej11.csproj", "{F07C3B07-8F51-42F1-B61B-F0B51AAB54DC}"
EndProject
Project("{FAE04EC0-301F-11D3-BF4B-00C04F79EFBC}") = "Ej12", "Ej12\Ej12.csproj", "{42AA1B9D-1DE3-4F10-9125-37131677E7A5}"
EndProject
Project("{FAE04EC0-301F-11D3-BF4B-00C04F79EFBC}") = "Ej13", "Ej13\Ej13.csproj", "{60B6F9BF-D571-4955-B8BB-D466323AB035}"
EndProject
Project("{FAE04EC0-301F-11D3-BF4B-00C04F79EFBC}") = "Ej14", "Ej14\Ej14.csproj", "{6C45FC6F-E02D-4E84-A6F0-2AAE0F535B2E}"
EndProject
Project("{FAE04EC0-301F-11D3-BF4B-00C04F79EFBC}") = "Ej15", "Ej15\Ej15.csproj", "{817EB69B-B713-4E34-B17E-93C568230FF6}"
EndProject
Project("{FAE04EC0-301F-11D3-BF4B-00C04F79EFBC}") = "Ej16", "Ej16\Ej16.csproj", "{4C7CDF8B-0C76-41A5-AAF3-A15C4F4C64C0}"
EndProject
Global
	GlobalSection(SolutionConfigurationPlatforms) = preSolution
		Debug|Any CPU = Debug|Any CPU
		Release|Any CPU = Release|Any CPU
	EndGlobalSection
	GlobalSection(ProjectConfigurationPlatforms) = postSolution
		{463E8FDC-B199-43BF-83F7-B7AC12938533}.Debug|Any CPU.ActiveCfg = Debug|Any CPU
		{463E8FDC-B199-43BF-83F7-B7AC12938533}.Debug|Any CPU.Build.0 = Debug|Any CPU
		{463E8FDC-B199-43BF-83F7-B7AC12938533}.Release|Any CPU.ActiveCfg = Release|Any CPU
		{463E8FDC-B199-43BF-83F7-B7AC12938533}.Release|Any CPU.Build.0 = Release|Any CPU
		{8669CDA6-E9E3-4738-AE3D-455EE2A2AF5F}.Debug|Any CPU.ActiveCfg = Debug|Any CPU
		{8669CDA6-E9E3-4738-AE3D-455EE2A2AF5F}.Debug|Any CPU.Build.0 = Debug|Any CPU
		{8669CDA6-E9E3-4738-AE3D-455EE2A2AF5F}.Release|Any CPU.ActiveCfg = Release|Any CPU
		{8669CDA6-E9E3-4738-AE3D-455EE2A2AF5F}.Release|Any CPU.Build.0 = Release|Any CPU
		{0708E5B4-8AF2-4ECB-A572-DB4E17FB91C9}.Debug|Any CPU.ActiveCfg = Debug|Any CPU
		{0708E5B4-8AF2-4ECB-A572-DB4E17FB91C9}.Debug|Any CPU.Build.0 = Debug|Any CPU
		{0708E5B4-8AF2-4ECB-A572-DB4E17FB91C9}.Release|Any CPU.ActiveCfg = Release|Any CPU
		{0708E5B4-8AF2-4ECB-A572-DB4E17FB91C9}.Release|Any CPU.Build.0 = Release|Any CPU
		{890C235D-DB2E-4920-9FC7-2E77F867C26E}.Debug|Any CPU.ActiveCfg = Debug|Any CPU
		{890C235D-DB2E-4920-9FC7-2E77F867C26E}.Debug|Any CPU.Build.0 = Debug|Any CPU
		{890C235D-DB2E-4920-9FC7-2E77F867C26E}.Release|Any CPU.ActiveCfg = Release|Any CPU
		{890C235D-DB2E-4920-9FC7-2E77F867C26E}.Release|Any CPU.Build.0 = Release|Any CPU
		{ECF47C63-4BC4-4A36-8778-5B3D76B77FAA}.Debug|Any CPU.ActiveCfg = Debug|Any CPU
		{ECF47C63-4BC4-4A36-8778-5B3D76B77FAA}.Debug|Any CPU.Build.0 = Debug|Any CPU
		{ECF47C63-4BC4-4A36-8778-5B3D76B77FAA}.Release|Any CPU.ActiveCfg = Release|Any CPU
		{ECF47C63-4BC4-4A36-8778-5B3D76B77FAA}.Release|Any CPU.Build.0 = Release|Any CPU
		{543B1969-AA75-4538-860B-3E8A7475A3B1}.Debug|Any CPU.ActiveCfg = Debug|Any CPU
		{543B1969-AA75-4538-860B-3E8A7475A3B1}.Debug|Any CPU.Build.0 = Debug|Any CPU
		{543B1969-AA75-4538-860B-3E8A7475A3B1}.Release|Any CPU.ActiveCfg = Release|Any CPU
		{543B1969-AA75-4538-860B-3E8A7475A3B1}.Release|Any CPU.Build.0 = Release|Any CPU
		{F5A2424A-8404-4137-A653-FDBE688491AD}.Debug|Any CPU.ActiveCfg = Debug|Any CPU
		{F5A2424A-8404-4137-A653-FDBE688491AD}.Debug|Any CPU.Build.0 = Debug|Any CPU
		{F5A2424A-8404-4137-A653-FDBE688491AD}.Release|Any CPU.ActiveCfg = Release|Any CPU
		{F5A2424A-8404-4137-A653-FDBE688491AD}.Release|Any CPU.Build.0 = Release|Any CPU
		{D2190D14-70B7-4AAB-ADB2-24D5524077CA}.Debug|Any CPU.ActiveCfg = Debug|Any CPU
		{D2190D14-70B7-4AAB-ADB2-24D5524077CA}.Debug|Any CPU.Build.0 = Debug|Any CPU
		{D2190D14-70B7-4AAB-ADB2-24D5524077CA}.Release|Any CPU.ActiveCfg = Release|Any CPU
		{D2190D14-70B7-4AAB-ADB2-24D5524077CA}.Release|Any CPU.Build.0 = Release|Any CPU
		{BBF6D0DB-F108-406D-9238-70FDCCB97153}.Debug|Any CPU.ActiveCfg = Debug|Any CPU
		{BBF6D0DB-F108-406D-9238-70FDCCB97153}.Debug|Any CPU.Build.0 = Debug|Any CPU
		{BBF6D0DB-F108-406D-9238-70FDCCB97153}.Release|Any CPU.ActiveCfg = Release|Any CPU
		{BBF6D0DB-F108-406D-9238-70FDCCB97153}.Release|Any CPU.Build.0 = Release|Any CPU
		{35AE9998-7C26-478E-85AF-E86C062959BC}.Debug|Any CPU.ActiveCfg = Debug|Any CPU
		{35AE9998-7C26-478E-85AF-E86C062959BC}.Debug|Any CPU.Build.0 = Debug|Any CPU
		{35AE9998-7C26-478E-85AF-E86C062959BC}.Release|Any CPU.ActiveCfg = Release|Any CPU
		{35AE9998-7C26-478E-85AF-E86C062959BC}.Release|Any CPU.Build.0 = Release|Any CPU
		{F07C3B07-8F51-42F1-B61B-F0B51AAB54DC}.Debug|Any CPU.ActiveCfg = Debug|Any CPU
		{F07C3B07-8F51-42F1-B61B-F0B51AAB54DC}.Debug|Any CPU.Build.0 = Debug|Any CPU
		{F07C3B07-8F51-42F1-B61B-F0B51AAB54DC}.Release|Any CPU.ActiveCfg = Release|Any CPU
		{F07C3B07-8F51-42F1-B61B-F0B51AAB54DC}.Release|Any CPU.Build.0 = Release|Any CPU
		{42AA1B9D-1DE3-4F10-9125-37131677E7A5}.Debug|Any CPU.ActiveCfg = Debug|Any CPU
		{42AA1B9D-1DE3-4F10-9125-37131677E7A5}.Debug|Any CPU.Build.0 = Debug|Any CPU
		{42AA1B9D-1DE3-4F10-9125-37131677E7A5}.Release|Any CPU.ActiveCfg = Release|Any CPU
		{42AA1B9D-1DE3-4F10-9125-37131677E7A5}.Release|Any CPU.Build.0 = Release|Any CPU
		{60B6F9BF-D571-4955-B8BB-D466323AB035}.Debug|Any CPU.ActiveCfg = Debug|Any CPU
		{60B6F9BF-D571-4955-B8BB-D466323AB035}.Debug|Any CPU.Build.0 = Debug|Any CPU
		{60B6F9BF-D571-4955-B8BB-D466323AB035}.Release|Any CPU.ActiveCfg = Release|Any CPU
		{60B6F9BF-D571-4955-B8BB-D466323AB035}.Release|Any CPU.Build.0 = Release|Any CPU
		{4C7CDF8B-0C76-41A5-AAF3-A15C4F4C64C0}.Debug|Any CPU.ActiveCfg = Debug|Any CPU
		{4C7CDF8B-0C76-41A5-AAF3-A15C4F4C64C0}.Debug|Any CPU.Build.0 = Debug|Any CPU
		{4C7CDF8B-0C76-41A5-AAF3-A15C4F4C64C0}.Release|Any CPU.ActiveCfg = Release|Any CPU
		{4C7CDF8B-0C76-41A5-AAF3-A15C4F4C64C0}.Release|Any CPU.Build.0 = Release|Any CPU
		{6C45FC6F-E02D-4E84-A6F0-2AAE0F535B2E}.Debug|Any CPU.ActiveCfg = Debug|Any CPU
		{6C45FC6F-E02D-4E84-A6F0-2AAE0F535B2E}.Debug|Any CPU.Build.0 = Debug|Any CPU
		{6C45FC6F-E02D-4E84-A6F0-2AAE0F535B2E}.Release|Any CPU.ActiveCfg = Release|Any CPU
		{6C45FC6F-E02D-4E84-A6F0-2AAE0F535B2E}.Release|Any CPU.Build.0 = Release|Any CPU
		{817EB69B-B713-4E34-B17E-93C568230FF6}.Debug|Any CPU.ActiveCfg = Debug|Any CPU
		{817EB69B-B713-4E34-B17E-93C568230FF6}.Debug|Any CPU.Build.0 = Debug|Any CPU
		{817EB69B-B713-4E34-B17E-93C568230FF6}.Release|Any CPU.ActiveCfg = Release|Any CPU
		{817EB69B-B713-4E34-B17E-93C568230FF6}.Release|Any CPU.Build.0 = Release|Any CPU
	EndGlobalSection
	GlobalSection(SolutionProperties) = preSolution
		HideSolutionNode = FALSE
	EndGlobalSection
	GlobalSection(ExtensibilityGlobals) = postSolution
		SolutionGuid = {19265951-0652-4356-989E-2B0A2D5E884E}
	EndGlobalSection
EndGlobal
